// !$*UTF8*$!
{
	archiveVersion = 1;
	classes = {
	};
	objectVersion = 46;
	objects = {

/* Begin PBXBuildFile section */
		5D637A431E6ACB89000CFF6F /* AppDelegate.swift in Sources */ = {isa = PBXBuildFile; fileRef = 5D637A421E6ACB89000CFF6F /* AppDelegate.swift */; };
		5D637A481E6ACB89000CFF6F /* Main.storyboard in Resources */ = {isa = PBXBuildFile; fileRef = 5D637A461E6ACB89000CFF6F /* Main.storyboard */; };
		5D637A4A1E6ACB89000CFF6F /* Assets.xcassets in Resources */ = {isa = PBXBuildFile; fileRef = 5D637A491E6ACB89000CFF6F /* Assets.xcassets */; };
		5D637A4D1E6ACB89000CFF6F /* LaunchScreen.storyboard in Resources */ = {isa = PBXBuildFile; fileRef = 5D637A4B1E6ACB89000CFF6F /* LaunchScreen.storyboard */; };
		5D637A581E6ACB89000CFF6F /* DouYuZhiBoTests.swift in Sources */ = {isa = PBXBuildFile; fileRef = 5D637A571E6ACB89000CFF6F /* DouYuZhiBoTests.swift */; };
		5D637A631E6ACB89000CFF6F /* DouYuZhiBoUITests.swift in Sources */ = {isa = PBXBuildFile; fileRef = 5D637A621E6ACB89000CFF6F /* DouYuZhiBoUITests.swift */; };
/* End PBXBuildFile section */

/* Begin PBXContainerItemProxy section */
		5D637A541E6ACB89000CFF6F /* PBXContainerItemProxy */ = {
			isa = PBXContainerItemProxy;
			containerPortal = 5D637A371E6ACB89000CFF6F /* Project object */;
			proxyType = 1;
			remoteGlobalIDString = 5D637A3E1E6ACB89000CFF6F;
			remoteInfo = DouYuZhiBo;
		};
		5D637A5F1E6ACB89000CFF6F /* PBXContainerItemProxy */ = {
			isa = PBXContainerItemProxy;
			containerPortal = 5D637A371E6ACB89000CFF6F /* Project object */;
			proxyType = 1;
			remoteGlobalIDString = 5D637A3E1E6ACB89000CFF6F;
			remoteInfo = DouYuZhiBo;
		};
/* End PBXContainerItemProxy section */

/* Begin PBXFileReference section */
		5D637A3F1E6ACB89000CFF6F /* DouYuZhiBo.app */ = {isa = PBXFileReference; explicitFileType = wrapper.application; includeInIndex = 0; path = DouYuZhiBo.app; sourceTree = BUILT_PRODUCTS_DIR; };
		5D637A421E6ACB89000CFF6F /* AppDelegate.swift */ = {isa = PBXFileReference; lastKnownFileType = sourcecode.swift; path = AppDelegate.swift; sourceTree = "<group>"; };
		5D637A471E6ACB89000CFF6F /* Base */ = {isa = PBXFileReference; lastKnownFileType = file.storyboard; name = Base; path = Base.lproj/Main.storyboard; sourceTree = "<group>"; };
		5D637A491E6ACB89000CFF6F /* Assets.xcassets */ = {isa = PBXFileReference; lastKnownFileType = folder.assetcatalog; path = Assets.xcassets; sourceTree = "<group>"; };
		5D637A4C1E6ACB89000CFF6F /* Base */ = {isa = PBXFileReference; lastKnownFileType = file.storyboard; name = Base; path = Base.lproj/LaunchScreen.storyboard; sourceTree = "<group>"; };
		5D637A4E1E6ACB89000CFF6F /* Info.plist */ = {isa = PBXFileReference; lastKnownFileType = text.plist.xml; path = Info.plist; sourceTree = "<group>"; };
		5D637A531E6ACB89000CFF6F /* DouYuZhiBoTests.xctest */ = {isa = PBXFileReference; explicitFileType = wrapper.cfbundle; includeInIndex = 0; path = DouYuZhiBoTests.xctest; sourceTree = BUILT_PRODUCTS_DIR; };
		5D637A571E6ACB89000CFF6F /* DouYuZhiBoTests.swift */ = {isa = PBXFileReference; lastKnownFileType = sourcecode.swift; path = DouYuZhiBoTests.swift; sourceTree = "<group>"; };
		5D637A591E6ACB89000CFF6F /* Info.plist */ = {isa = PBXFileReference; lastKnownFileType = text.plist.xml; path = Info.plist; sourceTree = "<group>"; };
		5D637A5E1E6ACB89000CFF6F /* DouYuZhiBoUITests.xctest */ = {isa = PBXFileReference; explicitFileType = wrapper.cfbundle; includeInIndex = 0; path = DouYuZhiBoUITests.xctest; sourceTree = BUILT_PRODUCTS_DIR; };
		5D637A621E6ACB89000CFF6F /* DouYuZhiBoUITests.swift */ = {isa = PBXFileReference; lastKnownFileType = sourcecode.swift; path = DouYuZhiBoUITests.swift; sourceTree = "<group>"; };
		5D637A641E6ACB89000CFF6F /* Info.plist */ = {isa = PBXFileReference; lastKnownFileType = text.plist.xml; path = Info.plist; sourceTree = "<group>"; };
/* End PBXFileReference section */

/* Begin PBXFrameworksBuildPhase section */
		5D637A3C1E6ACB89000CFF6F /* Frameworks */ = {
			isa = PBXFrameworksBuildPhase;
			buildActionMask = 2147483647;
			files = (
			);
			runOnlyForDeploymentPostprocessing = 0;
		};
		5D637A501E6ACB89000CFF6F /* Frameworks */ = {
			isa = PBXFrameworksBuildPhase;
			buildActionMask = 2147483647;
			files = (
			);
			runOnlyForDeploymentPostprocessing = 0;
		};
		5D637A5B1E6ACB89000CFF6F /* Frameworks */ = {
			isa = PBXFrameworksBuildPhase;
			buildActionMask = 2147483647;
			files = (
			);
			runOnlyForDeploymentPostprocessing = 0;
		};
/* End PBXFrameworksBuildPhase section */

/* Begin PBXGroup section */
		5D501FA81E6AE12B00E58172 /* Classes */ = {
			isa = PBXGroup;
			children = (
				5D501FAC1E6AE12B00E58172 /* Main */,
				5D501FAA1E6AE12B00E58172 /* Home */,
				5D501FAB1E6AE12B00E58172 /* Live */,
				5D501FA91E6AE12B00E58172 /* Follow */,
				5D501FAD1E6AE12B00E58172 /* Profile */,
				5D501FAE1E6AE12B00E58172 /* Tools */,
			);
			path = Classes;
			sourceTree = "<group>";
		};
		5D501FA91E6AE12B00E58172 /* Follow */ = {
			isa = PBXGroup;
			children = (
			);
			path = Follow;
			sourceTree = "<group>";
		};
		5D501FAA1E6AE12B00E58172 /* Home */ = {
			isa = PBXGroup;
			children = (
			);
			path = Home;
			sourceTree = "<group>";
		};
		5D501FAB1E6AE12B00E58172 /* Live */ = {
			isa = PBXGroup;
			children = (
			);
			path = Live;
			sourceTree = "<group>";
		};
		5D501FAC1E6AE12B00E58172 /* Main */ = {
			isa = PBXGroup;
			children = (
			);
			path = Main;
			sourceTree = "<group>";
		};
		5D501FAD1E6AE12B00E58172 /* Profile */ = {
			isa = PBXGroup;
			children = (
			);
			path = Profile;
			sourceTree = "<group>";
		};
		5D501FAE1E6AE12B00E58172 /* Tools */ = {
			isa = PBXGroup;
			children = (
			);
			path = Tools;
			sourceTree = "<group>";
		};
		5D637A361E6ACB89000CFF6F = {
			isa = PBXGroup;
			children = (
				5D637A411E6ACB89000CFF6F /* DouYuZhiBo */,
				5D637A561E6ACB89000CFF6F /* DouYuZhiBoTests */,
				5D637A611E6ACB89000CFF6F /* DouYuZhiBoUITests */,
				5D637A401E6ACB89000CFF6F /* Products */,
			);
			sourceTree = "<group>";
		};
		5D637A401E6ACB89000CFF6F /* Products */ = {
			isa = PBXGroup;
			children = (
				5D637A3F1E6ACB89000CFF6F /* DouYuZhiBo.app */,
				5D637A531E6ACB89000CFF6F /* DouYuZhiBoTests.xctest */,
				5D637A5E1E6ACB89000CFF6F /* DouYuZhiBoUITests.xctest */,
			);
			name = Products;
			sourceTree = "<group>";
		};
		5D637A411E6ACB89000CFF6F /* DouYuZhiBo */ = {
			isa = PBXGroup;
			children = (
				5D501FA81E6AE12B00E58172 /* Classes */,
				5D637A421E6ACB89000CFF6F /* AppDelegate.swift */,
				5D637A461E6ACB89000CFF6F /* Main.storyboard */,
				5D637A491E6ACB89000CFF6F /* Assets.xcassets */,
				5D637A4B1E6ACB89000CFF6F /* LaunchScreen.storyboard */,
				5D637A4E1E6ACB89000CFF6F /* Info.plist */,
			);
			path = DouYuZhiBo;
			sourceTree = "<group>";
		};
		5D637A561E6ACB89000CFF6F /* DouYuZhiBoTests */ = {
			isa = PBXGroup;
			children = (
				5D637A571E6ACB89000CFF6F /* DouYuZhiBoTests.swift */,
				5D637A591E6ACB89000CFF6F /* Info.plist */,
			);
			path = DouYuZhiBoTests;
			sourceTree = "<group>";
		};
		5D637A611E6ACB89000CFF6F /* DouYuZhiBoUITests */ = {
			isa = PBXGroup;
			children = (
				5D637A621E6ACB89000CFF6F /* DouYuZhiBoUITests.swift */,
				5D637A641E6ACB89000CFF6F /* Info.plist */,
			);
			path = DouYuZhiBoUITests;
			sourceTree = "<group>";
		};
/* End PBXGroup section */

/* Begin PBXNativeTarget section */
		5D637A3E1E6ACB89000CFF6F /* DouYuZhiBo */ = {
			isa = PBXNativeTarget;
			buildConfigurationList = 5D637A671E6ACB89000CFF6F /* Build configuration list for PBXNativeTarget "DouYuZhiBo" */;
			buildPhases = (
				5D637A3B1E6ACB89000CFF6F /* Sources */,
				5D637A3C1E6ACB89000CFF6F /* Frameworks */,
				5D637A3D1E6ACB89000CFF6F /* Resources */,
			);
			buildRules = (
			);
			dependencies = (
			);
			name = DouYuZhiBo;
			productName = DouYuZhiBo;
			productReference = 5D637A3F1E6ACB89000CFF6F /* DouYuZhiBo.app */;
			productType = "com.apple.product-type.application";
		};
		5D637A521E6ACB89000CFF6F /* DouYuZhiBoTests */ = {
			isa = PBXNativeTarget;
			buildConfigurationList = 5D637A6A1E6ACB89000CFF6F /* Build configuration list for PBXNativeTarget "DouYuZhiBoTests" */;
			buildPhases = (
				5D637A4F1E6ACB89000CFF6F /* Sources */,
				5D637A501E6ACB89000CFF6F /* Frameworks */,
				5D637A511E6ACB89000CFF6F /* Resources */,
			);
			buildRules = (
			);
			dependencies = (
				5D637A551E6ACB89000CFF6F /* PBXTargetDependency */,
			);
			name = DouYuZhiBoTests;
			productName = DouYuZhiBoTests;
			productReference = 5D637A531E6ACB89000CFF6F /* DouYuZhiBoTests.xctest */;
			productType = "com.apple.product-type.bundle.unit-test";
		};
		5D637A5D1E6ACB89000CFF6F /* DouYuZhiBoUITests */ = {
			isa = PBXNativeTarget;
			buildConfigurationList = 5D637A6D1E6ACB89000CFF6F /* Build configuration list for PBXNativeTarget "DouYuZhiBoUITests" */;
			buildPhases = (
				5D637A5A1E6ACB89000CFF6F /* Sources */,
				5D637A5B1E6ACB89000CFF6F /* Frameworks */,
				5D637A5C1E6ACB89000CFF6F /* Resources */,
			);
			buildRules = (
			);
			dependencies = (
				5D637A601E6ACB89000CFF6F /* PBXTargetDependency */,
			);
			name = DouYuZhiBoUITests;
			productName = DouYuZhiBoUITests;
			productReference = 5D637A5E1E6ACB89000CFF6F /* DouYuZhiBoUITests.xctest */;
			productType = "com.apple.product-type.bundle.ui-testing";
		};
/* End PBXNativeTarget section */

/* Begin PBXProject section */
		5D637A371E6ACB89000CFF6F /* Project object */ = {
			isa = PBXProject;
			attributes = {
				LastSwiftUpdateCheck = 0820;
				LastUpgradeCheck = 0820;
				ORGANIZATIONNAME = "陈良静";
				TargetAttributes = {
					5D637A3E1E6ACB89000CFF6F = {
						CreatedOnToolsVersion = 8.2.1;
						ProvisioningStyle = Automatic;
					};
					5D637A521E6ACB89000CFF6F = {
						CreatedOnToolsVersion = 8.2.1;
						ProvisioningStyle = Automatic;
						TestTargetID = 5D637A3E1E6ACB89000CFF6F;
					};
					5D637A5D1E6ACB89000CFF6F = {
						CreatedOnToolsVersion = 8.2.1;
						ProvisioningStyle = Automatic;
						TestTargetID = 5D637A3E1E6ACB89000CFF6F;
					};
				};
			};
			buildConfigurationList = 5D637A3A1E6ACB89000CFF6F /* Build configuration list for PBXProject "DouYuZhiBo" */;
			compatibilityVersion = "Xcode 3.2";
			developmentRegion = English;
			hasScannedForEncodings = 0;
			knownRegions = (
				en,
				Base,
			);
			mainGroup = 5D637A361E6ACB89000CFF6F;
			productRefGroup = 5D637A401E6ACB89000CFF6F /* Products */;
			projectDirPath = "";
			projectRoot = "";
			targets = (
				5D637A3E1E6ACB89000CFF6F /* DouYuZhiBo */,
				5D637A521E6ACB89000CFF6F /* DouYuZhiBoTests */,
				5D637A5D1E6ACB89000CFF6F /* DouYuZhiBoUITests */,
			);
		};
/* End PBXProject section */

/* Begin PBXResourcesBuildPhase section */
		5D637A3D1E6ACB89000CFF6F /* Resources */ = {
			isa = PBXResourcesBuildPhase;
			buildActionMask = 2147483647;
			files = (
				5D637A4D1E6ACB89000CFF6F /* LaunchScreen.storyboard in Resources */,
				5D637A4A1E6ACB89000CFF6F /* Assets.xcassets in Resources */,
				5D637A481E6ACB89000CFF6F /* Main.storyboard in Resources */,
			);
			runOnlyForDeploymentPostprocessing = 0;
		};
		5D637A511E6ACB89000CFF6F /* Resources */ = {
			isa = PBXResourcesBuildPhase;
			buildActionMask = 2147483647;
			files = (
			);
			runOnlyForDeploymentPostprocessing = 0;
		};
		5D637A5C1E6ACB89000CFF6F /* Resources */ = {
			isa = PBXResourcesBuildPhase;
			buildActionMask = 2147483647;
			files = (
			);
			runOnlyForDeploymentPostprocessing = 0;
		};
/* End PBXResourcesBuildPhase section */

/* Begin PBXSourcesBuildPhase section */
		5D637A3B1E6ACB89000CFF6F /* Sources */ = {
			isa = PBXSourcesBuildPhase;
			buildActionMask = 2147483647;
			files = (
				5D637A431E6ACB89000CFF6F /* AppDelegate.swift in Sources */,
			);
			runOnlyForDeploymentPostprocessing = 0;
		};
		5D637A4F1E6ACB89000CFF6F /* Sources */ = {
			isa = PBXSourcesBuildPhase;
			buildActionMask = 2147483647;
			files = (
				5D637A581E6ACB89000CFF6F /* DouYuZhiBoTests.swift in Sources */,
			);
			runOnlyForDeploymentPostprocessing = 0;
		};
		5D637A5A1E6ACB89000CFF6F /* Sources */ = {
			isa = PBXSourcesBuildPhase;
			buildActionMask = 2147483647;
			files = (
				5D637A631E6ACB89000CFF6F /* DouYuZhiBoUITests.swift in Sources */,
			);
			runOnlyForDeploymentPostprocessing = 0;
		};
/* End PBXSourcesBuildPhase section */

/* Begin PBXTargetDependency section */
		5D637A551E6ACB89000CFF6F /* PBXTargetDependency */ = {
			isa = PBXTargetDependency;
			target = 5D637A3E1E6ACB89000CFF6F /* DouYuZhiBo */;
			targetProxy = 5D637A541E6ACB89000CFF6F /* PBXContainerItemProxy */;
		};
		5D637A601E6ACB89000CFF6F /* PBXTargetDependency */ = {
			isa = PBXTargetDependency;
			target = 5D637A3E1E6ACB89000CFF6F /* DouYuZhiBo */;
			targetProxy = 5D637A5F1E6ACB89000CFF6F /* PBXContainerItemProxy */;
		};
/* End PBXTargetDependency section */

/* Begin PBXVariantGroup section */
		5D637A461E6ACB89000CFF6F /* Main.storyboard */ = {
			isa = PBXVariantGroup;
			children = (
				5D637A471E6ACB89000CFF6F /* Base */,
			);
			name = Main.storyboard;
			sourceTree = "<group>";
		};
		5D637A4B1E6ACB89000CFF6F /* LaunchScreen.storyboard */ = {
			isa = PBXVariantGroup;
			children = (
				5D637A4C1E6ACB89000CFF6F /* Base */,
			);
			name = LaunchScreen.storyboard;
			sourceTree = "<group>";
		};
/* End PBXVariantGroup section */

/* Begin XCBuildConfiguration section */
		5D637A651E6ACB89000CFF6F /* Debug */ = {
			isa = XCBuildConfiguration;
			buildSettings = {
				ALWAYS_SEARCH_USER_PATHS = NO;
				CLANG_ANALYZER_NONNULL = YES;
				CLANG_CXX_LANGUAGE_STANDARD = "gnu++0x";
				CLANG_CXX_LIBRARY = "libc++";
				CLANG_ENABLE_MODULES = YES;
				CLANG_ENABLE_OBJC_ARC = YES;
				CLANG_WARN_BOOL_CONVERSION = YES;
				CLANG_WARN_CONSTANT_CONVERSION = YES;
				CLANG_WARN_DIRECT_OBJC_ISA_USAGE = YES_ERROR;
				CLANG_WARN_DOCUMENTATION_COMMENTS = YES;
				CLANG_WARN_EMPTY_BODY = YES;
				CLANG_WARN_ENUM_CONVERSION = YES;
				CLANG_WARN_INFINITE_RECURSION = YES;
				CLANG_WARN_INT_CONVERSION = YES;
				CLANG_WARN_OBJC_ROOT_CLASS = YES_ERROR;
				CLANG_WARN_SUSPICIOUS_MOVE = YES;
				CLANG_WARN_UNREACHABLE_CODE = YES;
				CLANG_WARN__DUPLICATE_METHOD_MATCH = YES;
				"CODE_SIGN_IDENTITY[sdk=iphoneos*]" = "iPhone Developer";
				COPY_PHASE_STRIP = NO;
				DEBUG_INFORMATION_FORMAT = dwarf;
				ENABLE_STRICT_OBJC_MSGSEND = YES;
				ENABLE_TESTABILITY = YES;
				GCC_C_LANGUAGE_STANDARD = gnu99;
				GCC_DYNAMIC_NO_PIC = NO;
				GCC_NO_COMMON_BLOCKS = YES;
				GCC_OPTIMIZATION_LEVEL = 0;
				GCC_PREPROCESSOR_DEFINITIONS = (
					"DEBUG=1",
					"$(inherited)",
				);
				GCC_WARN_64_TO_32_BIT_CONVERSION = YES;
				GCC_WARN_ABOUT_RETURN_TYPE = YES_ERROR;
				GCC_WARN_UNDECLARED_SELECTOR = YES;
				GCC_WARN_UNINITIALIZED_AUTOS = YES_AGGRESSIVE;
				GCC_WARN_UNUSED_FUNCTION = YES;
				GCC_WARN_UNUSED_VARIABLE = YES;
				IPHONEOS_DEPLOYMENT_TARGET = 10.2;
				MTL_ENABLE_DEBUG_INFO = YES;
				ONLY_ACTIVE_ARCH = YES;
				SDKROOT = iphoneos;
				SWIFT_ACTIVE_COMPILATION_CONDITIONS = DEBUG;
				SWIFT_OPTIMIZATION_LEVEL = "-Onone";
				TARGETED_DEVICE_FAMILY = "1,2";
			};
			name = Debug;
		};
		5D637A661E6ACB89000CFF6F /* Release */ = {
			isa = XCBuildConfiguration;
			buildSettings = {
				ALWAYS_SEARCH_USER_PATHS = NO;
				CLANG_ANALYZER_NONNULL = YES;
				CLANG_CXX_LANGUAGE_STANDARD = "gnu++0x";
				CLANG_CXX_LIBRARY = "libc++";
				CLANG_ENABLE_MODULES = YES;
				CLANG_ENABLE_OBJC_ARC = YES;
				CLANG_WARN_BOOL_CONVERSION = YES;
				CLANG_WARN_CONSTANT_CONVERSION = YES;
				CLANG_WARN_DIRECT_OBJC_ISA_USAGE = YES_ERROR;
				CLANG_WARN_DOCUMENTATION_COMMENTS = YES;
				CLANG_WARN_EMPTY_BODY = YES;
				CLANG_WARN_ENUM_CONVERSION = YES;
				CLANG_WARN_INFINITE_RECURSION = YES;
				CLANG_WARN_INT_CONVERSION = YES;
				CLANG_WARN_OBJC_ROOT_CLASS = YES_ERROR;
				CLANG_WARN_SUSPICIOUS_MOVE = YES;
				CLANG_WARN_UNREACHABLE_CODE = YES;
				CLANG_WARN__DUPLICATE_METHOD_MATCH = YES;
				"CODE_SIGN_IDENTITY[sdk=iphoneos*]" = "iPhone Developer";
				COPY_PHASE_STRIP = NO;
				DEBUG_INFORMATION_FORMAT = "dwarf-with-dsym";
				ENABLE_NS_ASSERTIONS = NO;
				ENABLE_STRICT_OBJC_MSGSEND = YES;
				GCC_C_LANGUAGE_STANDARD = gnu99;
				GCC_NO_COMMON_BLOCKS = YES;
				GCC_WARN_64_TO_32_BIT_CONVERSION = YES;
				GCC_WARN_ABOUT_RETURN_TYPE = YES_ERROR;
				GCC_WARN_UNDECLARED_SELECTOR = YES;
				GCC_WARN_UNINITIALIZED_AUTOS = YES_AGGRESSIVE;
				GCC_WARN_UNUSED_FUNCTION = YES;
				GCC_WARN_UNUSED_VARIABLE = YES;
				IPHONEOS_DEPLOYMENT_TARGET = 10.2;
				MTL_ENABLE_DEBUG_INFO = NO;
				SDKROOT = iphoneos;
				SWIFT_OPTIMIZATION_LEVEL = "-Owholemodule";
				TARGETED_DEVICE_FAMILY = "1,2";
				VALIDATE_PRODUCT = YES;
			};
			name = Release;
		};
		5D637A681E6ACB89000CFF6F /* Debug */ = {
			isa = XCBuildConfiguration;
			buildSettings = {
				ASSETCATALOG_COMPILER_APPICON_NAME = AppIcon;
				ASSETCATALOG_COMPILER_LAUNCHIMAGE_NAME = LaunchImage;
				INFOPLIST_FILE = DouYuZhiBo/Info.plist;
				IPHONEOS_DEPLOYMENT_TARGET = 9.0;
				LD_RUNPATH_SEARCH_PATHS = "$(inherited) @executable_path/Frameworks";
				PRODUCT_BUNDLE_IDENTIFIER = clj.DouYuZhiBo;
				PRODUCT_NAME = "$(TARGET_NAME)";
				SWIFT_VERSION = 3.0;
				TARGETED_DEVICE_FAMILY = "1,2";
			};
			name = Debug;
		};
		5D637A691E6ACB89000CFF6F /* Release */ = {
			isa = XCBuildConfiguration;
			buildSettings = {
				ASSETCATALOG_COMPILER_APPICON_NAME = AppIcon;
				ASSETCATALOG_COMPILER_LAUNCHIMAGE_NAME = LaunchImage;
				INFOPLIST_FILE = DouYuZhiBo/Info.plist;
				IPHONEOS_DEPLOYMENT_TARGET = 9.0;
				LD_RUNPATH_SEARCH_PATHS = "$(inherited) @executable_path/Frameworks";
				PRODUCT_BUNDLE_IDENTIFIER = clj.DouYuZhiBo;
				PRODUCT_NAME = "$(TARGET_NAME)";
				SWIFT_VERSION = 3.0;
				TARGETED_DEVICE_FAMILY = "1,2";
			};
			name = Release;
		};
		5D637A6B1E6ACB89000CFF6F /* Debug */ = {
			isa = XCBuildConfiguration;
			buildSettings = {
				ALWAYS_EMBED_SWIFT_STANDARD_LIBRARIES = YES;
				BUNDLE_LOADER = "$(TEST_HOST)";
				INFOPLIST_FILE = DouYuZhiBoTests/Info.plist;
				LD_RUNPATH_SEARCH_PATHS = "$(inherited) @executable_path/Frameworks @loader_path/Frameworks";
				PRODUCT_BUNDLE_IDENTIFIER = clj.DouYuZhiBoTests;
				PRODUCT_NAME = "$(TARGET_NAME)";
				SWIFT_VERSION = 3.0;
				TEST_HOST = "$(BUILT_PRODUCTS_DIR)/DouYuZhiBo.app/DouYuZhiBo";
			};
			name = Debug;
		};
		5D637A6C1E6ACB89000CFF6F /* Release */ = {
			isa = XCBuildConfiguration;
			buildSettings = {
				ALWAYS_EMBED_SWIFT_STANDARD_LIBRARIES = YES;
				BUNDLE_LOADER = "$(TEST_HOST)";
				INFOPLIST_FILE = DouYuZhiBoTests/Info.plist;
				LD_RUNPATH_SEARCH_PATHS = "$(inherited) @executable_path/Frameworks @loader_path/Frameworks";
				PRODUCT_BUNDLE_IDENTIFIER = clj.DouYuZhiBoTests;
				PRODUCT_NAME = "$(TARGET_NAME)";
				SWIFT_VERSION = 3.0;
				TEST_HOST = "$(BUILT_PRODUCTS_DIR)/DouYuZhiBo.app/DouYuZhiBo";
			};
			name = Release;
		};
		5D637A6E1E6ACB89000CFF6F /* Debug */ = {
			isa = XCBuildConfiguration;
			buildSettings = {
				ALWAYS_EMBED_SWIFT_STANDARD_LIBRARIES = YES;
				INFOPLIST_FILE = DouYuZhiBoUITests/Info.plist;
				LD_RUNPATH_SEARCH_PATHS = "$(inherited) @executable_path/Frameworks @loader_path/Frameworks";
				PRODUCT_BUNDLE_IDENTIFIER = clj.DouYuZhiBoUITests;
				PRODUCT_NAME = "$(TARGET_NAME)";
				SWIFT_VERSION = 3.0;
				TEST_TARGET_NAME = DouYuZhiBo;
			};
			name = Debug;
		};
		5D637A6F1E6ACB89000CFF6F /* Release */ = {
			isa = XCBuildConfiguration;
			buildSettings = {
				ALWAYS_EMBED_SWIFT_STANDARD_LIBRARIES = YES;
				INFOPLIST_FILE = DouYuZhiBoUITests/Info.plist;
				LD_RUNPATH_SEARCH_PATHS = "$(inherited) @executable_path/Frameworks @loader_path/Frameworks";
				PRODUCT_BUNDLE_IDENTIFIER = clj.DouYuZhiBoUITests;
				PRODUCT_NAME = "$(TARGET_NAME)";
				SWIFT_VERSION = 3.0;
				TEST_TARGET_NAME = DouYuZhiBo;
			};
			name = Release;
		};
/* End XCBuildConfiguration section */

/* Begin XCConfigurationList section */
		5D637A3A1E6ACB89000CFF6F /* Build configuration list for PBXProject "DouYuZhiBo" */ = {
			isa = XCConfigurationList;
			buildConfigurations = (
				5D637A651E6ACB89000CFF6F /* Debug */,
				5D637A661E6ACB89000CFF6F /* Release */,
			);
			defaultConfigurationIsVisible = 0;
			defaultConfigurationName = Release;
		};
		5D637A671E6ACB89000CFF6F /* Build configuration list for PBXNativeTarget "DouYuZhiBo" */ = {
			isa = XCConfigurationList;
			buildConfigurations = (
				5D637A681E6ACB89000CFF6F /* Debug */,
				5D637A691E6ACB89000CFF6F /* Release */,
			);
			defaultConfigurationIsVisible = 0;
			defaultConfigurationName = Release;
		};
		5D637A6A1E6ACB89000CFF6F /* Build configuration list for PBXNativeTarget "DouYuZhiBoTests" */ = {
			isa = XCConfigurationList;
			buildConfigurations = (
				5D637A6B1E6ACB89000CFF6F /* Debug */,
				5D637A6C1E6ACB89000CFF6F /* Release */,
			);
			defaultConfigurationIsVisible = 0;
			defaultConfigurationName = Release;
		};
		5D637A6D1E6ACB89000CFF6F /* Build configuration list for PBXNativeTarget "DouYuZhiBoUITests" */ = {
			isa = XCConfigurationList;
			buildConfigurations = (
				5D637A6E1E6ACB89000CFF6F /* Debug */,
				5D637A6F1E6ACB89000CFF6F /* Release */,
			);
			defaultConfigurationIsVisible = 0;
			defaultConfigurationName = Release;
		};
/* End XCConfigurationList section */
	};
	rootObject = 5D637A371E6ACB89000CFF6F /* Project object */;
}
